<?xml version="1.0" encoding="utf-8"?>
<Project ToolsVersion="4.0" xmlns="http://schemas.microsoft.com/developer/msbuild/2003">
  <ItemGroup>
    <Filter Include="Resource Files">
      <UniqueIdentifier>{67DA6AB6-F800-4c08-8B7A-83BB121AAD01}</UniqueIdentifier>
      <Extensions>rc;ico;cur;bmp;dlg;rc2;rct;bin;rgs;gif;jpg;jpeg;jpe;resx;tiff;tif;png;wav;mfcribbon-ms</Extensions>
    </Filter>
    <Filter Include="src">
      <UniqueIdentifier>{4FC737F1-C7A5-4376-A066-2A32D752A2FF}</UniqueIdentifier>
      <Extensions>cpp;c;cc;cxx;def;odl;idl;hpj;bat;asm;asmx</Extensions>
    </Filter>
    <Filter Include="src\exception">
      <UniqueIdentifier>{e8545c54-5b88-4567-97bf-1b253e925ed2}</UniqueIdentifier>
    </Filter>
  </ItemGroup>
  <ItemGroup>
    <ClInclude Include="..\..\..\src\conversion.h">
      <Filter>src</Filter>
    </ClInclude>
    <ClInclude Include="..\..\..\src\core.h">
      <Filter>src</Filter>
    </ClInclude>
    <ClInclude Include="..\..\..\src\curl_util.h">
      <Filter>src</Filter>
    </ClInclude>
    <ClInclude Include="..\..\..\src\MultipleInheritancePack.h">
      <Filter>src</Filter>
    </ClInclude>
    <ClInclude Include="..\..\..\src\quote.h">
      <Filter>src</Filter>
    </ClInclude>
    <ClInclude Include="..\..\..\src\QuoteType.h">
      <Filter>src</Filter>
    </ClInclude>
    <ClInclude Include="..\..\..\src\QuoteTypeWrapper.h">
      <Filter>src</Filter>
    </ClInclude>
    <ClInclude Include="..\..\..\src\RangeType.h">
      <Filter>src</Filter>
    </ClInclude>
    <ClInclude Include="..\..\..\src\string_util.h">
      <Filter>src</Filter>
    </ClInclude>
    <ClInclude Include="..\..\..\src\win_compatibility.h">
      <Filter>src</Filter>
    </ClInclude>
    <ClInclude Include="..\..\..\src\exception\ClassExcetion.h">
      <Filter>src\exception</Filter>
    </ClInclude>
    <ClInclude Include="..\..\..\src\exception\Exception.h">
      <Filter>src\exception</Filter>
    </ClInclude>
  </ItemGroup>
  <ItemGroup>
    <ClCompile Include="..\..\..\src\conversion.cpp">
      <Filter>src</Filter>
    </ClCompile>
    <ClCompile Include="..\..\..\src\core.cpp">
      <Filter>src</Filter>
    </ClCompile>
    <ClCompile Include="..\..\..\src\curl_util.cpp">
      <Filter>src</Filter>
    </ClCompile>
    <ClCompile Include="..\..\..\src\string_util.cpp">
      <Filter>src</Filter>
    </ClCompile>
  </ItemGroup>
</Project>